
Microsoft Visual Studio Solution File, Format Version 12.00
# Visual Studio Version 16
VisualStudioVersion = 16.0.30002.166
MinimumVisualStudioVersion = 10.0.40219.1
Project("{9A19103F-16F7-4668-BE54-9A1E7A4F7556}") = "Business", "..\Business\Business.csproj", "{7D41B23D-9477-46DA-AC76-EE2B36A12D86}"
EndProject
Project("{9A19103F-16F7-4668-BE54-9A1E7A4F7556}") = "Entities", "..\Entities\Entities.csproj", "{05285AAF-7319-4CC8-8CE6-125B1E105265}"
EndProject
Project("{FAE04EC0-301F-11D3-BF4B-00C04F79EFBC}") = "WorkAround", "..\WorkAround\WorkAround.csproj", "{A5EFA702-F395-4942-9621-9061D174678F}"
EndProject
Global
	GlobalSection(SolutionConfigurationPlatforms) = preSolution
		Debug|Any CPU = Debug|Any CPU
		Release|Any CPU = Release|Any CPU
	EndGlobalSection
	GlobalSection(ProjectConfigurationPlatforms) = postSolution
		{7D41B23D-9477-46DA-AC76-EE2B36A12D86}.Debug|Any CPU.ActiveCfg = Debug|Any CPU
		{7D41B23D-9477-46DA-AC76-EE2B36A12D86}.Debug|Any CPU.Build.0 = Debug|Any CPU
		{7D41B23D-9477-46DA-AC76-EE2B36A12D86}.Release|Any CPU.ActiveCfg = Release|Any CPU
		{7D41B23D-9477-46DA-AC76-EE2B36A12D86}.Release|Any CPU.Build.0 = Release|Any CPU
		{05285AAF-7319-4CC8-8CE6-125B1E105265}.Debug|Any CPU.ActiveCfg = Debug|Any CPU
		{05285AAF-7319-4CC8-8CE6-125B1E105265}.Debug|Any CPU.Build.0 = Debug|Any CPU
		{05285AAF-7319-4CC8-8CE6-125B1E105265}.Release|Any CPU.ActiveCfg = Release|Any CPU
		{05285AAF-7319-4CC8-8CE6-125B1E105265}.Release|Any CPU.Build.0 = Release|Any CPU
		{A5EFA702-F395-4942-9621-9061D174678F}.Debug|Any CPU.ActiveCfg = Debug|Any CPU
		{A5EFA702-F395-4942-9621-9061D174678F}.Debug|Any CPU.Build.0 = Debug|Any CPU
		{A5EFA702-F395-4942-9621-9061D174678F}.Release|Any CPU.ActiveCfg = Release|Any CPU
		{A5EFA702-F395-4942-9621-9061D174678F}.Release|Any CPU.Build.0 = Release|Any CPU
	EndGlobalSection
	GlobalSection(SolutionProperties) = preSolution
		HideSolutionNode = FALSE
	EndGlobalSection
	GlobalSection(ExtensibilityGlobals) = postSolution
		SolutionGuid = {EA51FE04-86D5-4198-B123-F0E474FA9922}
	EndGlobalSection
EndGlobal
